
Microsoft Visual Studio Solution File, Format Version 12.00
# Visual Studio Version 17
VisualStudioVersion = 17.3.32804.467
MinimumVisualStudioVersion = 10.0.40219.1
Project("{9A19103F-16F7-4668-BE54-9A1E7A4F7556}") = "CRUD-projekti", "CRUD-projekti\CRUD-projekti.csproj", "{A5384F07-5A5A-461B-BBB6-26918B158872}"
EndProject
Project("{9A19103F-16F7-4668-BE54-9A1E7A4F7556}") = "Harjoitus 2", "Harjoitus 2\Harjoitus 2.csproj", "{74312D1A-0DC7-4D15-B632-97C3ACAA123D}"
EndProject
Project("{9A19103F-16F7-4668-BE54-9A1E7A4F7556}") = "Laskin", "Laskin\Laskin.csproj", "{DB703EE6-1F6E-4431-92BC-F3C23DE2DA61}"
EndProject
Project("{9A19103F-16F7-4668-BE54-9A1E7A4F7556}") = "Ikalaskuri", "Ikalaskuri\Ikalaskuri.csproj", "{47A31100-4411-4EA6-AFCD-EE4A60C74C77}"
EndProject
Project("{9A19103F-16F7-4668-BE54-9A1E7A4F7556}") = "LukujenJarjestys", "LukujenJarjestys\LukujenJarjestys.csproj", "{0A9E8268-87F3-446C-A0F3-7623AD2CA328}"
EndProject
Project("{9A19103F-16F7-4668-BE54-9A1E7A4F7556}") = "SalasananTarkastus", "SalasananTarkastus\SalasananTarkastus.csproj", "{E5E3CB9B-D051-4E31-A712-F9E0A6F1B8F8}"
EndProject
Project("{9A19103F-16F7-4668-BE54-9A1E7A4F7556}") = "AutoKuluLaskuri", "AutoKuluLaskuri\AutoKuluLaskuri.csproj", "{841ADFB7-1065-4FB9-93E6-172964C50EAE}"
EndProject
Project("{9A19103F-16F7-4668-BE54-9A1E7A4F7556}") = "RoomalaisetNumerot", "RoomalaisetNumerot\RoomalaisetNumerot.csproj", "{D4FE11BE-C576-4111-AC04-46A67CAAABCB}"
EndProject
Project("{9A19103F-16F7-4668-BE54-9A1E7A4F7556}") = "CelsiusToFahrenheit", "CelsiusToFahrenheit\CelsiusToFahrenheit.csproj", "{A4E37902-6664-4339-8063-35449EC4B280}"
EndProject
Project("{9A19103F-16F7-4668-BE54-9A1E7A4F7556}") = "PainoIndeksi", "PainoIndeksi\PainoIndeksi.csproj", "{79D03CA6-4F5E-4731-92FC-6A4E251CAE78}"
EndProject
Project("{FAE04EC0-301F-11D3-BF4B-00C04F79EFBC}") = "NopanHeitto", "NopanHeitto\NopanHeitto.csproj", "{BECD569C-86C7-44B6-ADE6-897A13C0E83D}"
EndProject
Global
	GlobalSection(SolutionConfigurationPlatforms) = preSolution
		Debug|Any CPU = Debug|Any CPU
		Release|Any CPU = Release|Any CPU
	EndGlobalSection
	GlobalSection(ProjectConfigurationPlatforms) = postSolution
		{A5384F07-5A5A-461B-BBB6-26918B158872}.Debug|Any CPU.ActiveCfg = Debug|Any CPU
		{A5384F07-5A5A-461B-BBB6-26918B158872}.Debug|Any CPU.Build.0 = Debug|Any CPU
		{A5384F07-5A5A-461B-BBB6-26918B158872}.Release|Any CPU.ActiveCfg = Release|Any CPU
		{A5384F07-5A5A-461B-BBB6-26918B158872}.Release|Any CPU.Build.0 = Release|Any CPU
		{74312D1A-0DC7-4D15-B632-97C3ACAA123D}.Debug|Any CPU.ActiveCfg = Debug|Any CPU
		{74312D1A-0DC7-4D15-B632-97C3ACAA123D}.Debug|Any CPU.Build.0 = Debug|Any CPU
		{74312D1A-0DC7-4D15-B632-97C3ACAA123D}.Release|Any CPU.ActiveCfg = Release|Any CPU
		{74312D1A-0DC7-4D15-B632-97C3ACAA123D}.Release|Any CPU.Build.0 = Release|Any CPU
		{DB703EE6-1F6E-4431-92BC-F3C23DE2DA61}.Debug|Any CPU.ActiveCfg = Debug|Any CPU
		{DB703EE6-1F6E-4431-92BC-F3C23DE2DA61}.Debug|Any CPU.Build.0 = Debug|Any CPU
		{DB703EE6-1F6E-4431-92BC-F3C23DE2DA61}.Release|Any CPU.ActiveCfg = Release|Any CPU
		{DB703EE6-1F6E-4431-92BC-F3C23DE2DA61}.Release|Any CPU.Build.0 = Release|Any CPU
		{47A31100-4411-4EA6-AFCD-EE4A60C74C77}.Debug|Any CPU.ActiveCfg = Debug|Any CPU
		{47A31100-4411-4EA6-AFCD-EE4A60C74C77}.Debug|Any CPU.Build.0 = Debug|Any CPU
		{47A31100-4411-4EA6-AFCD-EE4A60C74C77}.Release|Any CPU.ActiveCfg = Release|Any CPU
		{47A31100-4411-4EA6-AFCD-EE4A60C74C77}.Release|Any CPU.Build.0 = Release|Any CPU
		{0A9E8268-87F3-446C-A0F3-7623AD2CA328}.Debug|Any CPU.ActiveCfg = Debug|Any CPU
		{0A9E8268-87F3-446C-A0F3-7623AD2CA328}.Debug|Any CPU.Build.0 = Debug|Any CPU
		{0A9E8268-87F3-446C-A0F3-7623AD2CA328}.Release|Any CPU.ActiveCfg = Release|Any CPU
		{0A9E8268-87F3-446C-A0F3-7623AD2CA328}.Release|Any CPU.Build.0 = Release|Any CPU
		{E5E3CB9B-D051-4E31-A712-F9E0A6F1B8F8}.Debug|Any CPU.ActiveCfg = Debug|Any CPU
		{E5E3CB9B-D051-4E31-A712-F9E0A6F1B8F8}.Debug|Any CPU.Build.0 = Debug|Any CPU
		{E5E3CB9B-D051-4E31-A712-F9E0A6F1B8F8}.Release|Any CPU.ActiveCfg = Release|Any CPU
		{E5E3CB9B-D051-4E31-A712-F9E0A6F1B8F8}.Release|Any CPU.Build.0 = Release|Any CPU
		{841ADFB7-1065-4FB9-93E6-172964C50EAE}.Debug|Any CPU.ActiveCfg = Debug|Any CPU
		{841ADFB7-1065-4FB9-93E6-172964C50EAE}.Debug|Any CPU.Build.0 = Debug|Any CPU
		{841ADFB7-1065-4FB9-93E6-172964C50EAE}.Release|Any CPU.ActiveCfg = Release|Any CPU
		{841ADFB7-1065-4FB9-93E6-172964C50EAE}.Release|Any CPU.Build.0 = Release|Any CPU
		{D4FE11BE-C576-4111-AC04-46A67CAAABCB}.Debug|Any CPU.ActiveCfg = Debug|Any CPU
		{D4FE11BE-C576-4111-AC04-46A67CAAABCB}.Debug|Any CPU.Build.0 = Debug|Any CPU
		{D4FE11BE-C576-4111-AC04-46A67CAAABCB}.Release|Any CPU.ActiveCfg = Release|Any CPU
		{D4FE11BE-C576-4111-AC04-46A67CAAABCB}.Release|Any CPU.Build.0 = Release|Any CPU
		{A4E37902-6664-4339-8063-35449EC4B280}.Debug|Any CPU.ActiveCfg = Debug|Any CPU
		{A4E37902-6664-4339-8063-35449EC4B280}.Debug|Any CPU.Build.0 = Debug|Any CPU
		{A4E37902-6664-4339-8063-35449EC4B280}.Release|Any CPU.ActiveCfg = Release|Any CPU
		{A4E37902-6664-4339-8063-35449EC4B280}.Release|Any CPU.Build.0 = Release|Any CPU
		{79D03CA6-4F5E-4731-92FC-6A4E251CAE78}.Debug|Any CPU.ActiveCfg = Debug|Any CPU
		{79D03CA6-4F5E-4731-92FC-6A4E251CAE78}.Debug|Any CPU.Build.0 = Debug|Any CPU
		{79D03CA6-4F5E-4731-92FC-6A4E251CAE78}.Release|Any CPU.ActiveCfg = Release|Any CPU
		{79D03CA6-4F5E-4731-92FC-6A4E251CAE78}.Release|Any CPU.Build.0 = Release|Any CPU
		{BECD569C-86C7-44B6-ADE6-897A13C0E83D}.Debug|Any CPU.ActiveCfg = Debug|Any CPU
		{BECD569C-86C7-44B6-ADE6-897A13C0E83D}.Debug|Any CPU.Build.0 = Debug|Any CPU
		{BECD569C-86C7-44B6-ADE6-897A13C0E83D}.Release|Any CPU.ActiveCfg = Release|Any CPU
		{BECD569C-86C7-44B6-ADE6-897A13C0E83D}.Release|Any CPU.Build.0 = Release|Any CPU
	EndGlobalSection
	GlobalSection(SolutionProperties) = preSolution
		HideSolutionNode = FALSE
	EndGlobalSection
	GlobalSection(ExtensibilityGlobals) = postSolution
		SolutionGuid = {F4621DE6-0FC4-4A03-AC08-32BB55F6B509}
	EndGlobalSection
EndGlobal
