
Microsoft Visual Studio Solution File, Format Version 12.00
# Visual Studio Version 17
VisualStudioVersion = 17.3.32804.467
MinimumVisualStudioVersion = 10.0.40219.1
Project("{9A19103F-16F7-4668-BE54-9A1E7A4F7556}") = "CRUD-projekti", "CRUD-projekti\CRUD-projekti.csproj", "{A5384F07-5A5A-461B-BBB6-26918B158872}"
EndProject
Project("{9A19103F-16F7-4668-BE54-9A1E7A4F7556}") = "Harjoitus 2", "Harjoitus 2\Harjoitus 2.csproj", "{74312D1A-0DC7-4D15-B632-97C3ACAA123D}"
EndProject
Project("{9A19103F-16F7-4668-BE54-9A1E7A4F7556}") = "Laskin", "Laskin\Laskin.csproj", "{DB703EE6-1F6E-4431-92BC-F3C23DE2DA61}"
EndProject
Project("{9A19103F-16F7-4668-BE54-9A1E7A4F7556}") = "Ikalaskuri", "Ikalaskuri\Ikalaskuri.csproj", "{47A31100-4411-4EA6-AFCD-EE4A60C74C77}"
EndProject
Project("{9A19103F-16F7-4668-BE54-9A1E7A4F7556}") = "LukujenJarjestys", "LukujenJarjestys\LukujenJarjestys.csproj", "{0A9E8268-87F3-446C-A0F3-7623AD2CA328}"
EndProject
Project("{9A19103F-16F7-4668-BE54-9A1E7A4F7556}") = "SalasananTarkastus", "SalasananTarkastus\SalasananTarkastus.csproj", "{E5E3CB9B-D051-4E31-A712-F9E0A6F1B8F8}"
EndProject
Project("{9A19103F-16F7-4668-BE54-9A1E7A4F7556}") = "AutoKuluLaskuri", "AutoKuluLaskuri\AutoKuluLaskuri.csproj", "{841ADFB7-1065-4FB9-93E6-172964C50EAE}"
EndProject
Project("{9A19103F-16F7-4668-BE54-9A1E7A4F7556}") = "RoomalaisetNumerot", "RoomalaisetNumerot\RoomalaisetNumerot.csproj", "{D4FE11BE-C576-4111-AC04-46A67CAAABCB}"
EndProject
Project("{9A19103F-16F7-4668-BE54-9A1E7A4F7556}") = "CelsiusToFahrenheit", "CelsiusToFahrenheit\CelsiusToFahrenheit.csproj", "{A4E37902-6664-4339-8063-35449EC4B280}"
EndProject
Project("{9A19103F-16F7-4668-BE54-9A1E7A4F7556}") = "PainoIndeksi", "PainoIndeksi\PainoIndeksi.csproj", "{79D03CA6-4F5E-4731-92FC-6A4E251CAE78}"
EndProject
Project("{9A19103F-16F7-4668-BE54-9A1E7A4F7556}") = "NopanHeitto", "NopanHeitto\NopanHeitto.csproj", "{BECD569C-86C7-44B6-ADE6-897A13C0E83D}"
EndProject
Project("{9A19103F-16F7-4668-BE54-9A1E7A4F7556}") = "KymmenenKysymystä", "KymmenenKysymystä\KymmenenKysymystä.csproj", "{6EF20182-5984-40FF-B916-D5C4817A65D2}"
EndProject
Project("{9A19103F-16F7-4668-BE54-9A1E7A4F7556}") = "SuosituimmatNimet", "SuosituimmatNimet\SuosituimmatNimet.csproj", "{A2182EFD-EEE0-4310-8294-F28979C771A8}"
EndProject
Project("{9A19103F-16F7-4668-BE54-9A1E7A4F7556}") = "Muistio", "Muistio\Muistio.csproj", "{11A8ABAF-E6AE-4816-AD5E-F3765FD1349C}"
EndProject
Project("{9A19103F-16F7-4668-BE54-9A1E7A4F7556}") = "Sekuntikello", "Sekuntikello\Sekuntikello.csproj", "{1AF54A06-64CD-4D2F-9174-4058113B6B44}"
EndProject
Project("{9A19103F-16F7-4668-BE54-9A1E7A4F7556}") = "Ajastin", "Ajastin\Ajastin.csproj", "{0D978AAD-AB3C-4F61-8D4D-028725F71B17}"
EndProject
Project("{9A19103F-16F7-4668-BE54-9A1E7A4F7556}") = "Notepad", "Notepad\Notepad.csproj", "{0AE44199-DD39-442C-895A-4E1A0388C3E5}"
EndProject
Project("{FAE04EC0-301F-11D3-BF4B-00C04F79EFBC}") = "OppilaitostenTiedot", "OppilaitostenTiedot\OppilaitostenTiedot.csproj", "{D5C8F15F-825E-4C74-A670-32FD7F598E6D}"
EndProject
Project("{FAE04EC0-301F-11D3-BF4B-00C04F79EFBC}") = "Kahvio", "Kahvio\Kahvio.csproj", "{37F53716-FC5D-48A3-AE30-8EBE0580695E}"
EndProject
Global
	GlobalSection(SolutionConfigurationPlatforms) = preSolution
		Debug|Any CPU = Debug|Any CPU
		Release|Any CPU = Release|Any CPU
	EndGlobalSection
	GlobalSection(ProjectConfigurationPlatforms) = postSolution
		{A5384F07-5A5A-461B-BBB6-26918B158872}.Debug|Any CPU.ActiveCfg = Debug|Any CPU
		{A5384F07-5A5A-461B-BBB6-26918B158872}.Debug|Any CPU.Build.0 = Debug|Any CPU
		{A5384F07-5A5A-461B-BBB6-26918B158872}.Release|Any CPU.ActiveCfg = Release|Any CPU
		{A5384F07-5A5A-461B-BBB6-26918B158872}.Release|Any CPU.Build.0 = Release|Any CPU
		{74312D1A-0DC7-4D15-B632-97C3ACAA123D}.Debug|Any CPU.ActiveCfg = Debug|Any CPU
		{74312D1A-0DC7-4D15-B632-97C3ACAA123D}.Debug|Any CPU.Build.0 = Debug|Any CPU
		{74312D1A-0DC7-4D15-B632-97C3ACAA123D}.Release|Any CPU.ActiveCfg = Release|Any CPU
		{74312D1A-0DC7-4D15-B632-97C3ACAA123D}.Release|Any CPU.Build.0 = Release|Any CPU
		{DB703EE6-1F6E-4431-92BC-F3C23DE2DA61}.Debug|Any CPU.ActiveCfg = Debug|Any CPU
		{DB703EE6-1F6E-4431-92BC-F3C23DE2DA61}.Debug|Any CPU.Build.0 = Debug|Any CPU
		{DB703EE6-1F6E-4431-92BC-F3C23DE2DA61}.Release|Any CPU.ActiveCfg = Release|Any CPU
		{DB703EE6-1F6E-4431-92BC-F3C23DE2DA61}.Release|Any CPU.Build.0 = Release|Any CPU
		{47A31100-4411-4EA6-AFCD-EE4A60C74C77}.Debug|Any CPU.ActiveCfg = Debug|Any CPU
		{47A31100-4411-4EA6-AFCD-EE4A60C74C77}.Debug|Any CPU.Build.0 = Debug|Any CPU
		{47A31100-4411-4EA6-AFCD-EE4A60C74C77}.Release|Any CPU.ActiveCfg = Release|Any CPU
		{47A31100-4411-4EA6-AFCD-EE4A60C74C77}.Release|Any CPU.Build.0 = Release|Any CPU
		{0A9E8268-87F3-446C-A0F3-7623AD2CA328}.Debug|Any CPU.ActiveCfg = Debug|Any CPU
		{0A9E8268-87F3-446C-A0F3-7623AD2CA328}.Debug|Any CPU.Build.0 = Debug|Any CPU
		{0A9E8268-87F3-446C-A0F3-7623AD2CA328}.Release|Any CPU.ActiveCfg = Release|Any CPU
		{0A9E8268-87F3-446C-A0F3-7623AD2CA328}.Release|Any CPU.Build.0 = Release|Any CPU
		{E5E3CB9B-D051-4E31-A712-F9E0A6F1B8F8}.Debug|Any CPU.ActiveCfg = Debug|Any CPU
		{E5E3CB9B-D051-4E31-A712-F9E0A6F1B8F8}.Debug|Any CPU.Build.0 = Debug|Any CPU
		{E5E3CB9B-D051-4E31-A712-F9E0A6F1B8F8}.Release|Any CPU.ActiveCfg = Release|Any CPU
		{E5E3CB9B-D051-4E31-A712-F9E0A6F1B8F8}.Release|Any CPU.Build.0 = Release|Any CPU
		{841ADFB7-1065-4FB9-93E6-172964C50EAE}.Debug|Any CPU.ActiveCfg = Debug|Any CPU
		{841ADFB7-1065-4FB9-93E6-172964C50EAE}.Debug|Any CPU.Build.0 = Debug|Any CPU
		{841ADFB7-1065-4FB9-93E6-172964C50EAE}.Release|Any CPU.ActiveCfg = Release|Any CPU
		{841ADFB7-1065-4FB9-93E6-172964C50EAE}.Release|Any CPU.Build.0 = Release|Any CPU
		{D4FE11BE-C576-4111-AC04-46A67CAAABCB}.Debug|Any CPU.ActiveCfg = Debug|Any CPU
		{D4FE11BE-C576-4111-AC04-46A67CAAABCB}.Debug|Any CPU.Build.0 = Debug|Any CPU
		{D4FE11BE-C576-4111-AC04-46A67CAAABCB}.Release|Any CPU.ActiveCfg = Release|Any CPU
		{D4FE11BE-C576-4111-AC04-46A67CAAABCB}.Release|Any CPU.Build.0 = Release|Any CPU
		{A4E37902-6664-4339-8063-35449EC4B280}.Debug|Any CPU.ActiveCfg = Debug|Any CPU
		{A4E37902-6664-4339-8063-35449EC4B280}.Debug|Any CPU.Build.0 = Debug|Any CPU
		{A4E37902-6664-4339-8063-35449EC4B280}.Release|Any CPU.ActiveCfg = Release|Any CPU
		{A4E37902-6664-4339-8063-35449EC4B280}.Release|Any CPU.Build.0 = Release|Any CPU
		{79D03CA6-4F5E-4731-92FC-6A4E251CAE78}.Debug|Any CPU.ActiveCfg = Debug|Any CPU
		{79D03CA6-4F5E-4731-92FC-6A4E251CAE78}.Debug|Any CPU.Build.0 = Debug|Any CPU
		{79D03CA6-4F5E-4731-92FC-6A4E251CAE78}.Release|Any CPU.ActiveCfg = Release|Any CPU
		{79D03CA6-4F5E-4731-92FC-6A4E251CAE78}.Release|Any CPU.Build.0 = Release|Any CPU
		{BECD569C-86C7-44B6-ADE6-897A13C0E83D}.Debug|Any CPU.ActiveCfg = Debug|Any CPU
		{BECD569C-86C7-44B6-ADE6-897A13C0E83D}.Debug|Any CPU.Build.0 = Debug|Any CPU
		{BECD569C-86C7-44B6-ADE6-897A13C0E83D}.Release|Any CPU.ActiveCfg = Release|Any CPU
		{BECD569C-86C7-44B6-ADE6-897A13C0E83D}.Release|Any CPU.Build.0 = Release|Any CPU
		{6EF20182-5984-40FF-B916-D5C4817A65D2}.Debug|Any CPU.ActiveCfg = Debug|Any CPU
		{6EF20182-5984-40FF-B916-D5C4817A65D2}.Debug|Any CPU.Build.0 = Debug|Any CPU
		{6EF20182-5984-40FF-B916-D5C4817A65D2}.Release|Any CPU.ActiveCfg = Release|Any CPU
		{6EF20182-5984-40FF-B916-D5C4817A65D2}.Release|Any CPU.Build.0 = Release|Any CPU
		{A2182EFD-EEE0-4310-8294-F28979C771A8}.Debug|Any CPU.ActiveCfg = Debug|Any CPU
		{A2182EFD-EEE0-4310-8294-F28979C771A8}.Debug|Any CPU.Build.0 = Debug|Any CPU
		{A2182EFD-EEE0-4310-8294-F28979C771A8}.Release|Any CPU.ActiveCfg = Release|Any CPU
		{A2182EFD-EEE0-4310-8294-F28979C771A8}.Release|Any CPU.Build.0 = Release|Any CPU
		{11A8ABAF-E6AE-4816-AD5E-F3765FD1349C}.Debug|Any CPU.ActiveCfg = Debug|Any CPU
		{11A8ABAF-E6AE-4816-AD5E-F3765FD1349C}.Debug|Any CPU.Build.0 = Debug|Any CPU
		{11A8ABAF-E6AE-4816-AD5E-F3765FD1349C}.Release|Any CPU.ActiveCfg = Release|Any CPU
		{11A8ABAF-E6AE-4816-AD5E-F3765FD1349C}.Release|Any CPU.Build.0 = Release|Any CPU
		{1AF54A06-64CD-4D2F-9174-4058113B6B44}.Debug|Any CPU.ActiveCfg = Debug|Any CPU
		{1AF54A06-64CD-4D2F-9174-4058113B6B44}.Debug|Any CPU.Build.0 = Debug|Any CPU
		{1AF54A06-64CD-4D2F-9174-4058113B6B44}.Release|Any CPU.ActiveCfg = Release|Any CPU
		{1AF54A06-64CD-4D2F-9174-4058113B6B44}.Release|Any CPU.Build.0 = Release|Any CPU
		{0D978AAD-AB3C-4F61-8D4D-028725F71B17}.Debug|Any CPU.ActiveCfg = Debug|Any CPU
		{0D978AAD-AB3C-4F61-8D4D-028725F71B17}.Debug|Any CPU.Build.0 = Debug|Any CPU
		{0D978AAD-AB3C-4F61-8D4D-028725F71B17}.Release|Any CPU.ActiveCfg = Release|Any CPU
		{0D978AAD-AB3C-4F61-8D4D-028725F71B17}.Release|Any CPU.Build.0 = Release|Any CPU
		{0AE44199-DD39-442C-895A-4E1A0388C3E5}.Debug|Any CPU.ActiveCfg = Debug|Any CPU
		{0AE44199-DD39-442C-895A-4E1A0388C3E5}.Debug|Any CPU.Build.0 = Debug|Any CPU
		{0AE44199-DD39-442C-895A-4E1A0388C3E5}.Release|Any CPU.ActiveCfg = Release|Any CPU
		{0AE44199-DD39-442C-895A-4E1A0388C3E5}.Release|Any CPU.Build.0 = Release|Any CPU
		{D5C8F15F-825E-4C74-A670-32FD7F598E6D}.Debug|Any CPU.ActiveCfg = Debug|Any CPU
		{D5C8F15F-825E-4C74-A670-32FD7F598E6D}.Debug|Any CPU.Build.0 = Debug|Any CPU
		{D5C8F15F-825E-4C74-A670-32FD7F598E6D}.Release|Any CPU.ActiveCfg = Release|Any CPU
		{D5C8F15F-825E-4C74-A670-32FD7F598E6D}.Release|Any CPU.Build.0 = Release|Any CPU
		{37F53716-FC5D-48A3-AE30-8EBE0580695E}.Debug|Any CPU.ActiveCfg = Debug|Any CPU
		{37F53716-FC5D-48A3-AE30-8EBE0580695E}.Debug|Any CPU.Build.0 = Debug|Any CPU
		{37F53716-FC5D-48A3-AE30-8EBE0580695E}.Release|Any CPU.ActiveCfg = Release|Any CPU
		{37F53716-FC5D-48A3-AE30-8EBE0580695E}.Release|Any CPU.Build.0 = Release|Any CPU
	EndGlobalSection
	GlobalSection(SolutionProperties) = preSolution
		HideSolutionNode = FALSE
	EndGlobalSection
	GlobalSection(ExtensibilityGlobals) = postSolution
		SolutionGuid = {F4621DE6-0FC4-4A03-AC08-32BB55F6B509}
	EndGlobalSection
EndGlobal
