
Microsoft Visual Studio Solution File, Format Version 12.00
# Visual Studio Version 17
VisualStudioVersion = 17.3.32804.467
MinimumVisualStudioVersion = 10.0.40219.1
Project("{FAE04EC0-301F-11D3-BF4B-00C04F79EFBC}") = "CRUD-projekti", "CRUD-projekti\CRUD-projekti.csproj", "{A5384F07-5A5A-461B-BBB6-26918B158872}"
EndProject
Global
	GlobalSection(SolutionConfigurationPlatforms) = preSolution
		Debug|Any CPU = Debug|Any CPU
		Release|Any CPU = Release|Any CPU
	EndGlobalSection
	GlobalSection(ProjectConfigurationPlatforms) = postSolution
		{A5384F07-5A5A-461B-BBB6-26918B158872}.Debug|Any CPU.ActiveCfg = Debug|Any CPU
		{A5384F07-5A5A-461B-BBB6-26918B158872}.Debug|Any CPU.Build.0 = Debug|Any CPU
		{A5384F07-5A5A-461B-BBB6-26918B158872}.Release|Any CPU.ActiveCfg = Release|Any CPU
		{A5384F07-5A5A-461B-BBB6-26918B158872}.Release|Any CPU.Build.0 = Release|Any CPU
	EndGlobalSection
	GlobalSection(SolutionProperties) = preSolution
		HideSolutionNode = FALSE
	EndGlobalSection
	GlobalSection(ExtensibilityGlobals) = postSolution
		SolutionGuid = {F4621DE6-0FC4-4A03-AC08-32BB55F6B509}
	EndGlobalSection
EndGlobal
