
Microsoft Visual Studio Solution File, Format Version 12.00
# Visual Studio Version 17
VisualStudioVersion = 17.3.32804.467
MinimumVisualStudioVersion = 10.0.40219.1
Project("{FAE04EC0-301F-11D3-BF4B-00C04F79EFBC}") = "alkuluento_harjoitukset3", "alkuluento_harjoitukset3\alkuluento_harjoitukset3.csproj", "{F32AE07A-579B-430B-81E7-17F1EAB5CC0D}"
EndProject
Global
	GlobalSection(SolutionConfigurationPlatforms) = preSolution
		Debug|Any CPU = Debug|Any CPU
		Release|Any CPU = Release|Any CPU
	EndGlobalSection
	GlobalSection(ProjectConfigurationPlatforms) = postSolution
		{F32AE07A-579B-430B-81E7-17F1EAB5CC0D}.Debug|Any CPU.ActiveCfg = Debug|Any CPU
		{F32AE07A-579B-430B-81E7-17F1EAB5CC0D}.Debug|Any CPU.Build.0 = Debug|Any CPU
		{F32AE07A-579B-430B-81E7-17F1EAB5CC0D}.Release|Any CPU.ActiveCfg = Release|Any CPU
		{F32AE07A-579B-430B-81E7-17F1EAB5CC0D}.Release|Any CPU.Build.0 = Release|Any CPU
	EndGlobalSection
	GlobalSection(SolutionProperties) = preSolution
		HideSolutionNode = FALSE
	EndGlobalSection
	GlobalSection(ExtensibilityGlobals) = postSolution
		SolutionGuid = {447F3DFD-42DA-4D7D-AF90-1382D8EB7409}
	EndGlobalSection
EndGlobal
