
Microsoft Visual Studio Solution File, Format Version 12.00
# Visual Studio Version 17
VisualStudioVersion = 17.3.32804.467
MinimumVisualStudioVersion = 10.0.40219.1
Project("{FAE04EC0-301F-11D3-BF4B-00C04F79EFBC}") = "alkuluento_harjoitukset_dia24", "alkuluento_harjoitukset_dia24\alkuluento_harjoitukset_dia24.csproj", "{4372601D-03DA-4CC6-AB37-55C572D3656B}"
EndProject
Global
	GlobalSection(SolutionConfigurationPlatforms) = preSolution
		Debug|Any CPU = Debug|Any CPU
		Release|Any CPU = Release|Any CPU
	EndGlobalSection
	GlobalSection(ProjectConfigurationPlatforms) = postSolution
		{4372601D-03DA-4CC6-AB37-55C572D3656B}.Debug|Any CPU.ActiveCfg = Debug|Any CPU
		{4372601D-03DA-4CC6-AB37-55C572D3656B}.Debug|Any CPU.Build.0 = Debug|Any CPU
		{4372601D-03DA-4CC6-AB37-55C572D3656B}.Release|Any CPU.ActiveCfg = Release|Any CPU
		{4372601D-03DA-4CC6-AB37-55C572D3656B}.Release|Any CPU.Build.0 = Release|Any CPU
	EndGlobalSection
	GlobalSection(SolutionProperties) = preSolution
		HideSolutionNode = FALSE
	EndGlobalSection
	GlobalSection(ExtensibilityGlobals) = postSolution
		SolutionGuid = {B9D1427F-358A-4010-99A1-BDE9D2FC3457}
	EndGlobalSection
EndGlobal
